// !$*UTF8*$!
{
	archiveVersion = 1;
	classes = {
	};
	objectVersion = 46;
	objects = {

/* Begin PBXBuildFile section */
		574FE5711E9CB7AB0045D580 /* AppDelegate.swift in Sources */ = {isa = PBXBuildFile; fileRef = 574FE5701E9CB7AB0045D580 /* AppDelegate.swift */; };
		574FE5731E9CB7AB0045D580 /* ViewController.swift in Sources */ = {isa = PBXBuildFile; fileRef = 574FE5721E9CB7AB0045D580 /* ViewController.swift */; };
		574FE5761E9CB7AB0045D580 /* Main.storyboard in Resources */ = {isa = PBXBuildFile; fileRef = 574FE5741E9CB7AB0045D580 /* Main.storyboard */; };
		574FE5791E9CB7AB0045D580 /* SDSC_Wifire.xcdatamodeld in Sources */ = {isa = PBXBuildFile; fileRef = 574FE5771E9CB7AB0045D580 /* SDSC_Wifire.xcdatamodeld */; };
		574FE57B1E9CB7AB0045D580 /* Assets.xcassets in Resources */ = {isa = PBXBuildFile; fileRef = 574FE57A1E9CB7AB0045D580 /* Assets.xcassets */; };
		574FE57E1E9CB7AB0045D580 /* LaunchScreen.storyboard in Resources */ = {isa = PBXBuildFile; fileRef = 574FE57C1E9CB7AB0045D580 /* LaunchScreen.storyboard */; };
		574FE5871E9D56B80045D580 /* Post.swift in Sources */ = {isa = PBXBuildFile; fileRef = 574FE5861E9D56B80045D580 /* Post.swift */; };
		574FE58A1E9D6BBC0045D580 /* PostCell.swift in Sources */ = {isa = PBXBuildFile; fileRef = 574FE5891E9D6BBC0045D580 /* PostCell.swift */; };
/* End PBXBuildFile section */

/* Begin PBXFileReference section */
		574FE56D1E9CB7AB0045D580 /* SDSC-Wifire.app */ = {isa = PBXFileReference; explicitFileType = wrapper.application; includeInIndex = 0; path = "SDSC-Wifire.app"; sourceTree = BUILT_PRODUCTS_DIR; };
		574FE5701E9CB7AB0045D580 /* AppDelegate.swift */ = {isa = PBXFileReference; lastKnownFileType = sourcecode.swift; path = AppDelegate.swift; sourceTree = "<group>"; };
		574FE5721E9CB7AB0045D580 /* ViewController.swift */ = {isa = PBXFileReference; lastKnownFileType = sourcecode.swift; path = ViewController.swift; sourceTree = "<group>"; };
		574FE5751E9CB7AB0045D580 /* Base */ = {isa = PBXFileReference; lastKnownFileType = file.storyboard; name = Base; path = Base.lproj/Main.storyboard; sourceTree = "<group>"; };
		574FE5781E9CB7AB0045D580 /* SDSC_Wifire.xcdatamodel */ = {isa = PBXFileReference; lastKnownFileType = wrapper.xcdatamodel; path = SDSC_Wifire.xcdatamodel; sourceTree = "<group>"; };
		574FE57A1E9CB7AB0045D580 /* Assets.xcassets */ = {isa = PBXFileReference; lastKnownFileType = folder.assetcatalog; path = Assets.xcassets; sourceTree = "<group>"; };
		574FE57D1E9CB7AB0045D580 /* Base */ = {isa = PBXFileReference; lastKnownFileType = file.storyboard; name = Base; path = Base.lproj/LaunchScreen.storyboard; sourceTree = "<group>"; };
		574FE57F1E9CB7AB0045D580 /* Info.plist */ = {isa = PBXFileReference; lastKnownFileType = text.plist.xml; path = Info.plist; sourceTree = "<group>"; };
		574FE5861E9D56B80045D580 /* Post.swift */ = {isa = PBXFileReference; fileEncoding = 4; lastKnownFileType = sourcecode.swift; path = Post.swift; sourceTree = "<group>"; };
		574FE5891E9D6BBC0045D580 /* PostCell.swift */ = {isa = PBXFileReference; fileEncoding = 4; lastKnownFileType = sourcecode.swift; path = PostCell.swift; sourceTree = "<group>"; };
/* End PBXFileReference section */

/* Begin PBXFrameworksBuildPhase section */
		574FE56A1E9CB7AB0045D580 /* Frameworks */ = {
			isa = PBXFrameworksBuildPhase;
			buildActionMask = 2147483647;
			files = (
			);
			runOnlyForDeploymentPostprocessing = 0;
		};
/* End PBXFrameworksBuildPhase section */

/* Begin PBXGroup section */
		574FE5641E9CB7AB0045D580 = {
			isa = PBXGroup;
			children = (
				574FE56F1E9CB7AB0045D580 /* SDSC-Wifire */,
				574FE56E1E9CB7AB0045D580 /* Products */,
			);
			sourceTree = "<group>";
		};
		574FE56E1E9CB7AB0045D580 /* Products */ = {
			isa = PBXGroup;
			children = (
				574FE56D1E9CB7AB0045D580 /* SDSC-Wifire.app */,
			);
			name = Products;
			sourceTree = "<group>";
		};
		574FE56F1E9CB7AB0045D580 /* SDSC-Wifire */ = {
			isa = PBXGroup;
			children = (
				574FE5881E9D6B960045D580 /* View */,
				574FE5851E9D56810045D580 /* Model */,
				574FE5701E9CB7AB0045D580 /* AppDelegate.swift */,
				574FE5721E9CB7AB0045D580 /* ViewController.swift */,
				574FE5741E9CB7AB0045D580 /* Main.storyboard */,
				574FE57A1E9CB7AB0045D580 /* Assets.xcassets */,
				574FE57C1E9CB7AB0045D580 /* LaunchScreen.storyboard */,
				574FE57F1E9CB7AB0045D580 /* Info.plist */,
				574FE5771E9CB7AB0045D580 /* SDSC_Wifire.xcdatamodeld */,
			);
			path = "SDSC-Wifire";
			sourceTree = "<group>";
		};
		574FE5851E9D56810045D580 /* Model */ = {
			isa = PBXGroup;
			children = (
				574FE5861E9D56B80045D580 /* Post.swift */,
			);
			name = Model;
			sourceTree = "<group>";
		};
		574FE5881E9D6B960045D580 /* View */ = {
			isa = PBXGroup;
			children = (
				574FE5891E9D6BBC0045D580 /* PostCell.swift */,
			);
			name = View;
			sourceTree = "<group>";
		};
/* End PBXGroup section */

/* Begin PBXNativeTarget section */
		574FE56C1E9CB7AB0045D580 /* SDSC-Wifire */ = {
			isa = PBXNativeTarget;
			buildConfigurationList = 574FE5821E9CB7AB0045D580 /* Build configuration list for PBXNativeTarget "SDSC-Wifire" */;
			buildPhases = (
				574FE5691E9CB7AB0045D580 /* Sources */,
				574FE56A1E9CB7AB0045D580 /* Frameworks */,
				574FE56B1E9CB7AB0045D580 /* Resources */,
			);
			buildRules = (
			);
			dependencies = (
			);
			name = "SDSC-Wifire";
			productName = "SDSC-Wifire";
			productReference = 574FE56D1E9CB7AB0045D580 /* SDSC-Wifire.app */;
			productType = "com.apple.product-type.application";
		};
/* End PBXNativeTarget section */

/* Begin PBXProject section */
		574FE5651E9CB7AB0045D580 /* Project object */ = {
			isa = PBXProject;
			attributes = {
				LastSwiftUpdateCheck = 0830;
				LastUpgradeCheck = 0830;
				ORGANIZATIONNAME = "Eric Fakhourian";
				TargetAttributes = {
					574FE56C1E9CB7AB0045D580 = {
						CreatedOnToolsVersion = 8.3.1;
						ProvisioningStyle = Automatic;
					};
				};
			};
			buildConfigurationList = 574FE5681E9CB7AB0045D580 /* Build configuration list for PBXProject "SDSC-Wifire" */;
			compatibilityVersion = "Xcode 3.2";
			developmentRegion = English;
			hasScannedForEncodings = 0;
			knownRegions = (
				en,
				Base,
			);
			mainGroup = 574FE5641E9CB7AB0045D580;
			productRefGroup = 574FE56E1E9CB7AB0045D580 /* Products */;
			projectDirPath = "";
			projectRoot = "";
			targets = (
				574FE56C1E9CB7AB0045D580 /* SDSC-Wifire */,
			);
		};
/* End PBXProject section */

/* Begin PBXResourcesBuildPhase section */
		574FE56B1E9CB7AB0045D580 /* Resources */ = {
			isa = PBXResourcesBuildPhase;
			buildActionMask = 2147483647;
			files = (
				574FE57E1E9CB7AB0045D580 /* LaunchScreen.storyboard in Resources */,
				574FE57B1E9CB7AB0045D580 /* Assets.xcassets in Resources */,
				574FE5761E9CB7AB0045D580 /* Main.storyboard in Resources */,
			);
			runOnlyForDeploymentPostprocessing = 0;
		};
/* End PBXResourcesBuildPhase section */

/* Begin PBXSourcesBuildPhase section */
		574FE5691E9CB7AB0045D580 /* Sources */ = {
			isa = PBXSourcesBuildPhase;
			buildActionMask = 2147483647;
			files = (
				574FE5791E9CB7AB0045D580 /* SDSC_Wifire.xcdatamodeld in Sources */,
				574FE5731E9CB7AB0045D580 /* ViewController.swift in Sources */,
				574FE5711E9CB7AB0045D580 /* AppDelegate.swift in Sources */,
				574FE5871E9D56B80045D580 /* Post.swift in Sources */,
				574FE58A1E9D6BBC0045D580 /* PostCell.swift in Sources */,
			);
			runOnlyForDeploymentPostprocessing = 0;
		};
/* End PBXSourcesBuildPhase section */

/* Begin PBXVariantGroup section */
		574FE5741E9CB7AB0045D580 /* Main.storyboard */ = {
			isa = PBXVariantGroup;
			children = (
				574FE5751E9CB7AB0045D580 /* Base */,
			);
			name = Main.storyboard;
			sourceTree = "<group>";
		};
		574FE57C1E9CB7AB0045D580 /* LaunchScreen.storyboard */ = {
			isa = PBXVariantGroup;
			children = (
				574FE57D1E9CB7AB0045D580 /* Base */,
			);
			name = LaunchScreen.storyboard;
			sourceTree = "<group>";
		};
/* End PBXVariantGroup section */

/* Begin XCBuildConfiguration section */
		574FE5801E9CB7AB0045D580 /* Debug */ = {
			isa = XCBuildConfiguration;
			buildSettings = {
				ALWAYS_SEARCH_USER_PATHS = NO;
				CLANG_ANALYZER_NONNULL = YES;
				CLANG_ANALYZER_NUMBER_OBJECT_CONVERSION = YES_AGGRESSIVE;
				CLANG_CXX_LANGUAGE_STANDARD = "gnu++0x";
				CLANG_CXX_LIBRARY = "libc++";
				CLANG_ENABLE_MODULES = YES;
				CLANG_ENABLE_OBJC_ARC = YES;
				CLANG_WARN_BOOL_CONVERSION = YES;
				CLANG_WARN_CONSTANT_CONVERSION = YES;
				CLANG_WARN_DIRECT_OBJC_ISA_USAGE = YES_ERROR;
				CLANG_WARN_DOCUMENTATION_COMMENTS = YES;
				CLANG_WARN_EMPTY_BODY = YES;
				CLANG_WARN_ENUM_CONVERSION = YES;
				CLANG_WARN_INFINITE_RECURSION = YES;
				CLANG_WARN_INT_CONVERSION = YES;
				CLANG_WARN_OBJC_ROOT_CLASS = YES_ERROR;
				CLANG_WARN_SUSPICIOUS_MOVE = YES;
				CLANG_WARN_UNREACHABLE_CODE = YES;
				CLANG_WARN__DUPLICATE_METHOD_MATCH = YES;
				"CODE_SIGN_IDENTITY[sdk=iphoneos*]" = "iPhone Developer";
				COPY_PHASE_STRIP = NO;
				DEBUG_INFORMATION_FORMAT = dwarf;
				ENABLE_STRICT_OBJC_MSGSEND = YES;
				ENABLE_TESTABILITY = YES;
				GCC_C_LANGUAGE_STANDARD = gnu99;
				GCC_DYNAMIC_NO_PIC = NO;
				GCC_NO_COMMON_BLOCKS = YES;
				GCC_OPTIMIZATION_LEVEL = 0;
				GCC_PREPROCESSOR_DEFINITIONS = (
					"DEBUG=1",
					"$(inherited)",
				);
				GCC_WARN_64_TO_32_BIT_CONVERSION = YES;
				GCC_WARN_ABOUT_RETURN_TYPE = YES_ERROR;
				GCC_WARN_UNDECLARED_SELECTOR = YES;
				GCC_WARN_UNINITIALIZED_AUTOS = YES_AGGRESSIVE;
				GCC_WARN_UNUSED_FUNCTION = YES;
				GCC_WARN_UNUSED_VARIABLE = YES;
				IPHONEOS_DEPLOYMENT_TARGET = 10.3;
				MTL_ENABLE_DEBUG_INFO = YES;
				ONLY_ACTIVE_ARCH = YES;
				SDKROOT = iphoneos;
				SWIFT_ACTIVE_COMPILATION_CONDITIONS = DEBUG;
				SWIFT_OPTIMIZATION_LEVEL = "-Onone";
				TARGETED_DEVICE_FAMILY = "1,2";
			};
			name = Debug;
		};
		574FE5811E9CB7AB0045D580 /* Release */ = {
			isa = XCBuildConfiguration;
			buildSettings = {
				ALWAYS_SEARCH_USER_PATHS = NO;
				CLANG_ANALYZER_NONNULL = YES;
				CLANG_ANALYZER_NUMBER_OBJECT_CONVERSION = YES_AGGRESSIVE;
				CLANG_CXX_LANGUAGE_STANDARD = "gnu++0x";
				CLANG_CXX_LIBRARY = "libc++";
				CLANG_ENABLE_MODULES = YES;
				CLANG_ENABLE_OBJC_ARC = YES;
				CLANG_WARN_BOOL_CONVERSION = YES;
				CLANG_WARN_CONSTANT_CONVERSION = YES;
				CLANG_WARN_DIRECT_OBJC_ISA_USAGE = YES_ERROR;
				CLANG_WARN_DOCUMENTATION_COMMENTS = YES;
				CLANG_WARN_EMPTY_BODY = YES;
				CLANG_WARN_ENUM_CONVERSION = YES;
				CLANG_WARN_INFINITE_RECURSION = YES;
				CLANG_WARN_INT_CONVERSION = YES;
				CLANG_WARN_OBJC_ROOT_CLASS = YES_ERROR;
				CLANG_WARN_SUSPICIOUS_MOVE = YES;
				CLANG_WARN_UNREACHABLE_CODE = YES;
				CLANG_WARN__DUPLICATE_METHOD_MATCH = YES;
				"CODE_SIGN_IDENTITY[sdk=iphoneos*]" = "iPhone Developer";
				COPY_PHASE_STRIP = NO;
				DEBUG_INFORMATION_FORMAT = "dwarf-with-dsym";
				ENABLE_NS_ASSERTIONS = NO;
				ENABLE_STRICT_OBJC_MSGSEND = YES;
				GCC_C_LANGUAGE_STANDARD = gnu99;
				GCC_NO_COMMON_BLOCKS = YES;
				GCC_WARN_64_TO_32_BIT_CONVERSION = YES;
				GCC_WARN_ABOUT_RETURN_TYPE = YES_ERROR;
				GCC_WARN_UNDECLARED_SELECTOR = YES;
				GCC_WARN_UNINITIALIZED_AUTOS = YES_AGGRESSIVE;
				GCC_WARN_UNUSED_FUNCTION = YES;
				GCC_WARN_UNUSED_VARIABLE = YES;
				IPHONEOS_DEPLOYMENT_TARGET = 10.3;
				MTL_ENABLE_DEBUG_INFO = NO;
				SDKROOT = iphoneos;
				SWIFT_OPTIMIZATION_LEVEL = "-Owholemodule";
				TARGETED_DEVICE_FAMILY = "1,2";
				VALIDATE_PRODUCT = YES;
			};
			name = Release;
		};
		574FE5831E9CB7AB0045D580 /* Debug */ = {
			isa = XCBuildConfiguration;
			buildSettings = {
				ASSETCATALOG_COMPILER_APPICON_NAME = AppIcon;
				INFOPLIST_FILE = "SDSC-Wifire/Info.plist";
				LD_RUNPATH_SEARCH_PATHS = "$(inherited) @executable_path/Frameworks";
				PRODUCT_BUNDLE_IDENTIFIER = "com.Faha.SDSC-Wifire";
				PRODUCT_NAME = "$(TARGET_NAME)";
				SWIFT_VERSION = 3.0;
			};
			name = Debug;
		};
		574FE5841E9CB7AB0045D580 /* Release */ = {
			isa = XCBuildConfiguration;
			buildSettings = {
				ASSETCATALOG_COMPILER_APPICON_NAME = AppIcon;
				INFOPLIST_FILE = "SDSC-Wifire/Info.plist";
				LD_RUNPATH_SEARCH_PATHS = "$(inherited) @executable_path/Frameworks";
				PRODUCT_BUNDLE_IDENTIFIER = "com.Faha.SDSC-Wifire";
				PRODUCT_NAME = "$(TARGET_NAME)";
				SWIFT_VERSION = 3.0;
			};
			name = Release;
		};
/* End XCBuildConfiguration section */

/* Begin XCConfigurationList section */
		574FE5681E9CB7AB0045D580 /* Build configuration list for PBXProject "SDSC-Wifire" */ = {
			isa = XCConfigurationList;
			buildConfigurations = (
				574FE5801E9CB7AB0045D580 /* Debug */,
				574FE5811E9CB7AB0045D580 /* Release */,
			);
			defaultConfigurationIsVisible = 0;
			defaultConfigurationName = Release;
		};
		574FE5821E9CB7AB0045D580 /* Build configuration list for PBXNativeTarget "SDSC-Wifire" */ = {
			isa = XCConfigurationList;
			buildConfigurations = (
				574FE5831E9CB7AB0045D580 /* Debug */,
				574FE5841E9CB7AB0045D580 /* Release */,
			);
			defaultConfigurationIsVisible = 0;
		};
/* End XCConfigurationList section */

/* Begin XCVersionGroup section */
		574FE5771E9CB7AB0045D580 /* SDSC_Wifire.xcdatamodeld */ = {
			isa = XCVersionGroup;
			children = (
				574FE5781E9CB7AB0045D580 /* SDSC_Wifire.xcdatamodel */,
			);
			currentVersion = 574FE5781E9CB7AB0045D580 /* SDSC_Wifire.xcdatamodel */;
			path = SDSC_Wifire.xcdatamodeld;
			sourceTree = "<group>";
			versionGroupType = wrapper.xcdatamodel;
		};
/* End XCVersionGroup section */
	};
	rootObject = 574FE5651E9CB7AB0045D580 /* Project object */;
}
